
Microsoft Visual Studio Solution File, Format Version 11.00
# Visual Studio 2010
Project("{FAE04EC0-301F-11D3-BF4B-00C04F79EFBC}") = "Stax.TFS2010", "Stax.TFS2010\Stax.TFS2010.csproj", "{CEDBD2F1-D672-4A7E-A27A-CD17B1E9A7D4}"
EndProject
Project("{FAE04EC0-301F-11D3-BF4B-00C04F79EFBC}") = "Stax.TFS2010.UnitTests", "Stax.TFS2010.UnitTests\Stax.TFS2010.UnitTests.csproj", "{668D9261-E9B7-4EDD-BF4A-6491015288C7}"
EndProject
Project("{2150E333-8FDC-42A3-9474-1A3956D46DE8}") = "Solution Items", "Solution Items", "{A99D1EF1-BD4A-42B2-AB25-752EF76089CA}"
	ProjectSection(SolutionItems) = preProject
		Local.testsettings = Local.testsettings
		Stax.VisualStudioTools.vsmdi = Stax.VisualStudioTools.vsmdi
		TraceAndTestImpact.testsettings = TraceAndTestImpact.testsettings
	EndProjectSection
EndProject
Project("{FAE04EC0-301F-11D3-BF4B-00C04F79EFBC}") = "VS2010TestResultPublisher", "VS2010TestResultPublisher\VS2010TestResultPublisher.csproj", "{366A9657-E370-4255-933E-EB3DFBB25913}"
EndProject
Global
	GlobalSection(TeamFoundationVersionControl) = preSolution
		SccNumberOfProjects = 4
		SccEnterpriseProvider = {4CA58AB2-18FA-4F8D-95D4-32DDF27D184C}
		SccTeamFoundationServer = https://tfs.codeplex.com/tfs/tfs11
		SccLocalPath0 = .
		SccProjectUniqueName1 = Stax.TFS2010\\Stax.TFS2010.csproj
		SccProjectName1 = Stax.TFS2010
		SccLocalPath1 = Stax.TFS2010
		SccProjectUniqueName2 = Stax.TFS2010.UnitTests\\Stax.TFS2010.UnitTests.csproj
		SccProjectName2 = Stax.TFS2010.UnitTests
		SccLocalPath2 = Stax.TFS2010.UnitTests
		SccProjectUniqueName3 = VS2010TestResultPublisher\\VS2010TestResultPublisher.csproj
		SccProjectName3 = VS2010TestResultPublisher
		SccLocalPath3 = VS2010TestResultPublisher
	EndGlobalSection
	GlobalSection(TestCaseManagementSettings) = postSolution
		CategoryFile = Stax.VisualStudioTools.vsmdi
	EndGlobalSection
	GlobalSection(SolutionConfigurationPlatforms) = preSolution
		Debug|Any CPU = Debug|Any CPU
		Release|Any CPU = Release|Any CPU
	EndGlobalSection
	GlobalSection(ProjectConfigurationPlatforms) = postSolution
		{CEDBD2F1-D672-4A7E-A27A-CD17B1E9A7D4}.Debug|Any CPU.ActiveCfg = Debug|Any CPU
		{CEDBD2F1-D672-4A7E-A27A-CD17B1E9A7D4}.Debug|Any CPU.Build.0 = Debug|Any CPU
		{CEDBD2F1-D672-4A7E-A27A-CD17B1E9A7D4}.Release|Any CPU.ActiveCfg = Release|Any CPU
		{CEDBD2F1-D672-4A7E-A27A-CD17B1E9A7D4}.Release|Any CPU.Build.0 = Release|Any CPU
		{668D9261-E9B7-4EDD-BF4A-6491015288C7}.Debug|Any CPU.ActiveCfg = Debug|Any CPU
		{668D9261-E9B7-4EDD-BF4A-6491015288C7}.Debug|Any CPU.Build.0 = Debug|Any CPU
		{668D9261-E9B7-4EDD-BF4A-6491015288C7}.Release|Any CPU.ActiveCfg = Release|Any CPU
		{668D9261-E9B7-4EDD-BF4A-6491015288C7}.Release|Any CPU.Build.0 = Release|Any CPU
		{366A9657-E370-4255-933E-EB3DFBB25913}.Debug|Any CPU.ActiveCfg = Debug|Any CPU
		{366A9657-E370-4255-933E-EB3DFBB25913}.Debug|Any CPU.Build.0 = Debug|Any CPU
		{366A9657-E370-4255-933E-EB3DFBB25913}.Release|Any CPU.ActiveCfg = Release|Any CPU
		{366A9657-E370-4255-933E-EB3DFBB25913}.Release|Any CPU.Build.0 = Release|Any CPU
	EndGlobalSection
	GlobalSection(SolutionProperties) = preSolution
		HideSolutionNode = FALSE
	EndGlobalSection
EndGlobal
